PODS:
  - geos (6.0.2)
  - GEOSwift (8.0.2):
    - geos (~> 6.0)
  - GEOSwiftMapKit (3.0.0):
    - GEOSwift (~> 8.0)

DEPENDENCIES:
  - GEOSwift
  - GEOSwiftMapKit

SPEC REPOS:
  trunk:
    - geos
    - GEOSwift
    - GEOSwiftMapKit

SPEC CHECKSUMS:
  geos: 73e5122ba8c6857812419873df3aa9a1920140a9
  GEOSwift: 259844a41c1680d7dc8d9a393741a08f84c0e23a
  GEOSwiftMapKit: 7b8cb5b2536e9e190196d2c298711524a47d6275

PODFILE CHECKSUM: 06d72509872c3964b7c9cce0defa30c42d34beb6

COCOAPODS: 1.10.1
